// !$*UTF8*$!
{
	archiveVersion = 1;
	classes = {
	};
	objectVersion = 50;
	objects = {

/* Begin PBXBuildFile section */
		6176A42E21F556C40006F981 /* AppDelegate.swift in Sources */ = {isa = PBXBuildFile; fileRef = 6176A42D21F556C40006F981 /* AppDelegate.swift */; };
		6176A43021F556C40006F981 /* ViewController.swift in Sources */ = {isa = PBXBuildFile; fileRef = 6176A42F21F556C40006F981 /* ViewController.swift */; };
		6176A43321F556C40006F981 /* Main.storyboard in Resources */ = {isa = PBXBuildFile; fileRef = 6176A43121F556C40006F981 /* Main.storyboard */; };
		6176A43621F556C40006F981 /* Foods.xcdatamodeld in Sources */ = {isa = PBXBuildFile; fileRef = 6176A43421F556C40006F981 /* Foods.xcdatamodeld */; };
		6176A43821F556CA0006F981 /* Assets.xcassets in Resources */ = {isa = PBXBuildFile; fileRef = 6176A43721F556CA0006F981 /* Assets.xcassets */; };
		6176A43B21F556CA0006F981 /* LaunchScreen.storyboard in Resources */ = {isa = PBXBuildFile; fileRef = 6176A43921F556CA0006F981 /* LaunchScreen.storyboard */; };
		6176A44321F5A8DB0006F981 /* SlideMenuController.swift in Sources */ = {isa = PBXBuildFile; fileRef = 6176A44221F5A8DB0006F981 /* SlideMenuController.swift */; };
		6176A44521F5A8F90006F981 /* MainViewController.swift in Sources */ = {isa = PBXBuildFile; fileRef = 6176A44421F5A8F90006F981 /* MainViewController.swift */; };
		6176A44721F5A9500006F981 /* LeftViewController.swift in Sources */ = {isa = PBXBuildFile; fileRef = 6176A44621F5A9500006F981 /* LeftViewController.swift */; };
		6176A44921F5A9570006F981 /* RightViewController.swift in Sources */ = {isa = PBXBuildFile; fileRef = 6176A44821F5A9570006F981 /* RightViewController.swift */; };
		6176A44B21F5A98C0006F981 /* ExSlideMenuController.swift in Sources */ = {isa = PBXBuildFile; fileRef = 6176A44A21F5A98C0006F981 /* ExSlideMenuController.swift */; };
		6176A45021F5A9FC0006F981 /* UIApplication.swift in Sources */ = {isa = PBXBuildFile; fileRef = 6176A44F21F5A9FC0006F981 /* UIApplication.swift */; };
		6176A45421F5AC110006F981 /* UIViewController.swift in Sources */ = {isa = PBXBuildFile; fileRef = 6176A45321F5AC110006F981 /* UIViewController.swift */; };
/* End PBXBuildFile section */

/* Begin PBXFileReference section */
		6176A42A21F556C40006F981 /* Foods.app */ = {isa = PBXFileReference; explicitFileType = wrapper.application; includeInIndex = 0; path = Foods.app; sourceTree = BUILT_PRODUCTS_DIR; };
		6176A42D21F556C40006F981 /* AppDelegate.swift */ = {isa = PBXFileReference; lastKnownFileType = sourcecode.swift; path = AppDelegate.swift; sourceTree = "<group>"; };
		6176A42F21F556C40006F981 /* ViewController.swift */ = {isa = PBXFileReference; lastKnownFileType = sourcecode.swift; path = ViewController.swift; sourceTree = "<group>"; };
		6176A43221F556C40006F981 /* Base */ = {isa = PBXFileReference; lastKnownFileType = file.storyboard; name = Base; path = Base.lproj/Main.storyboard; sourceTree = "<group>"; };
		6176A43521F556C40006F981 /* Foods.xcdatamodel */ = {isa = PBXFileReference; lastKnownFileType = wrapper.xcdatamodel; path = Foods.xcdatamodel; sourceTree = "<group>"; };
		6176A43721F556CA0006F981 /* Assets.xcassets */ = {isa = PBXFileReference; lastKnownFileType = folder.assetcatalog; path = Assets.xcassets; sourceTree = "<group>"; };
		6176A43A21F556CA0006F981 /* Base */ = {isa = PBXFileReference; lastKnownFileType = file.storyboard; name = Base; path = Base.lproj/LaunchScreen.storyboard; sourceTree = "<group>"; };
		6176A43C21F556CA0006F981 /* Info.plist */ = {isa = PBXFileReference; lastKnownFileType = text.plist.xml; path = Info.plist; sourceTree = "<group>"; };
		6176A44221F5A8DB0006F981 /* SlideMenuController.swift */ = {isa = PBXFileReference; fileEncoding = 4; lastKnownFileType = sourcecode.swift; path = SlideMenuController.swift; sourceTree = "<group>"; };
		6176A44421F5A8F90006F981 /* MainViewController.swift */ = {isa = PBXFileReference; fileEncoding = 4; lastKnownFileType = sourcecode.swift; path = MainViewController.swift; sourceTree = "<group>"; };
		6176A44621F5A9500006F981 /* LeftViewController.swift */ = {isa = PBXFileReference; fileEncoding = 4; lastKnownFileType = sourcecode.swift; path = LeftViewController.swift; sourceTree = "<group>"; };
		6176A44821F5A9570006F981 /* RightViewController.swift */ = {isa = PBXFileReference; fileEncoding = 4; lastKnownFileType = sourcecode.swift; path = RightViewController.swift; sourceTree = "<group>"; };
		6176A44A21F5A98C0006F981 /* ExSlideMenuController.swift */ = {isa = PBXFileReference; fileEncoding = 4; lastKnownFileType = sourcecode.swift; path = ExSlideMenuController.swift; sourceTree = "<group>"; };
		6176A44F21F5A9FC0006F981 /* UIApplication.swift */ = {isa = PBXFileReference; fileEncoding = 4; lastKnownFileType = sourcecode.swift; path = UIApplication.swift; sourceTree = "<group>"; };
		6176A45321F5AC110006F981 /* UIViewController.swift */ = {isa = PBXFileReference; fileEncoding = 4; lastKnownFileType = sourcecode.swift; path = UIViewController.swift; sourceTree = "<group>"; };
/* End PBXFileReference section */

/* Begin PBXFrameworksBuildPhase section */
		6176A42721F556C40006F981 /* Frameworks */ = {
			isa = PBXFrameworksBuildPhase;
			buildActionMask = 2147483647;
			files = (
			);
			runOnlyForDeploymentPostprocessing = 0;
		};
/* End PBXFrameworksBuildPhase section */

/* Begin PBXGroup section */
		6176A42121F556C40006F981 = {
			isa = PBXGroup;
			children = (
				6176A42C21F556C40006F981 /* Foods */,
				6176A42B21F556C40006F981 /* Products */,
			);
			sourceTree = "<group>";
		};
		6176A42B21F556C40006F981 /* Products */ = {
			isa = PBXGroup;
			children = (
				6176A42A21F556C40006F981 /* Foods.app */,
			);
			name = Products;
			sourceTree = "<group>";
		};
		6176A42C21F556C40006F981 /* Foods */ = {
			isa = PBXGroup;
			children = (
				6176A45521F5B1550006F981 /* SlideMenu */,
				6176A45621F5B1BB0006F981 /* Ex */,
				6176A42D21F556C40006F981 /* AppDelegate.swift */,
				6176A42F21F556C40006F981 /* ViewController.swift */,
				6176A44421F5A8F90006F981 /* MainViewController.swift */,
				6176A44621F5A9500006F981 /* LeftViewController.swift */,
				6176A44821F5A9570006F981 /* RightViewController.swift */,
				6176A43121F556C40006F981 /* Main.storyboard */,
				6176A43721F556CA0006F981 /* Assets.xcassets */,
				6176A43921F556CA0006F981 /* LaunchScreen.storyboard */,
				6176A43C21F556CA0006F981 /* Info.plist */,
				6176A43421F556C40006F981 /* Foods.xcdatamodeld */,
			);
			path = Foods;
			sourceTree = "<group>";
		};
		6176A45521F5B1550006F981 /* SlideMenu */ = {
			isa = PBXGroup;
			children = (
				6176A44221F5A8DB0006F981 /* SlideMenuController.swift */,
			);
			name = SlideMenu;
			sourceTree = "<group>";
		};
		6176A45621F5B1BB0006F981 /* Ex */ = {
			isa = PBXGroup;
			children = (
				6176A44A21F5A98C0006F981 /* ExSlideMenuController.swift */,
				6176A45321F5AC110006F981 /* UIViewController.swift */,
				6176A44F21F5A9FC0006F981 /* UIApplication.swift */,
			);
			name = Ex;
			sourceTree = "<group>";
		};
/* End PBXGroup section */

/* Begin PBXNativeTarget section */
		6176A42921F556C40006F981 /* Foods */ = {
			isa = PBXNativeTarget;
			buildConfigurationList = 6176A43F21F556CA0006F981 /* Build configuration list for PBXNativeTarget "Foods" */;
			buildPhases = (
				6176A42621F556C40006F981 /* Sources */,
				6176A42721F556C40006F981 /* Frameworks */,
				6176A42821F556C40006F981 /* Resources */,
			);
			buildRules = (
			);
			dependencies = (
			);
			name = Foods;
			productName = Foods;
			productReference = 6176A42A21F556C40006F981 /* Foods.app */;
			productType = "com.apple.product-type.application";
		};
/* End PBXNativeTarget section */

/* Begin PBXProject section */
		6176A42221F556C40006F981 /* Project object */ = {
			isa = PBXProject;
			attributes = {
				LastSwiftUpdateCheck = 1010;
				LastUpgradeCheck = 1010;
				ORGANIZATIONNAME = czbin;
				TargetAttributes = {
					6176A42921F556C40006F981 = {
						CreatedOnToolsVersion = 10.1;
					};
				};
			};
			buildConfigurationList = 6176A42521F556C40006F981 /* Build configuration list for PBXProject "Foods" */;
			compatibilityVersion = "Xcode 9.3";
			developmentRegion = en;
			hasScannedForEncodings = 0;
			knownRegions = (
				en,
				Base,
			);
			mainGroup = 6176A42121F556C40006F981;
			productRefGroup = 6176A42B21F556C40006F981 /* Products */;
			projectDirPath = "";
			projectRoot = "";
			targets = (
				6176A42921F556C40006F981 /* Foods */,
			);
		};
/* End PBXProject section */

/* Begin PBXResourcesBuildPhase section */
		6176A42821F556C40006F981 /* Resources */ = {
			isa = PBXResourcesBuildPhase;
			buildActionMask = 2147483647;
			files = (
				6176A43B21F556CA0006F981 /* LaunchScreen.storyboard in Resources */,
				6176A43821F556CA0006F981 /* Assets.xcassets in Resources */,
				6176A43321F556C40006F981 /* Main.storyboard in Resources */,
			);
			runOnlyForDeploymentPostprocessing = 0;
		};
/* End PBXResourcesBuildPhase section */

/* Begin PBXSourcesBuildPhase section */
		6176A42621F556C40006F981 /* Sources */ = {
			isa = PBXSourcesBuildPhase;
			buildActionMask = 2147483647;
			files = (
				6176A43021F556C40006F981 /* ViewController.swift in Sources */,
				6176A44921F5A9570006F981 /* RightViewController.swift in Sources */,
				6176A45421F5AC110006F981 /* UIViewController.swift in Sources */,
				6176A42E21F556C40006F981 /* AppDelegate.swift in Sources */,
				6176A44321F5A8DB0006F981 /* SlideMenuController.swift in Sources */,
				6176A44721F5A9500006F981 /* LeftViewController.swift in Sources */,
				6176A44B21F5A98C0006F981 /* ExSlideMenuController.swift in Sources */,
				6176A43621F556C40006F981 /* Foods.xcdatamodeld in Sources */,
				6176A45021F5A9FC0006F981 /* UIApplication.swift in Sources */,
				6176A44521F5A8F90006F981 /* MainViewController.swift in Sources */,
			);
			runOnlyForDeploymentPostprocessing = 0;
		};
/* End PBXSourcesBuildPhase section */

/* Begin PBXVariantGroup section */
		6176A43121F556C40006F981 /* Main.storyboard */ = {
			isa = PBXVariantGroup;
			children = (
				6176A43221F556C40006F981 /* Base */,
			);
			name = Main.storyboard;
			sourceTree = "<group>";
		};
		6176A43921F556CA0006F981 /* LaunchScreen.storyboard */ = {
			isa = PBXVariantGroup;
			children = (
				6176A43A21F556CA0006F981 /* Base */,
			);
			name = LaunchScreen.storyboard;
			sourceTree = "<group>";
		};
/* End PBXVariantGroup section */

/* Begin XCBuildConfiguration section */
		6176A43D21F556CA0006F981 /* Debug */ = {
			isa = XCBuildConfiguration;
			buildSettings = {
				ALWAYS_SEARCH_USER_PATHS = NO;
				CLANG_ANALYZER_NONNULL = YES;
				CLANG_ANALYZER_NUMBER_OBJECT_CONVERSION = YES_AGGRESSIVE;
				CLANG_CXX_LANGUAGE_STANDARD = "gnu++14";
				CLANG_CXX_LIBRARY = "libc++";
				CLANG_ENABLE_MODULES = YES;
				CLANG_ENABLE_OBJC_ARC = YES;
				CLANG_ENABLE_OBJC_WEAK = YES;
				CLANG_WARN_BLOCK_CAPTURE_AUTORELEASING = YES;
				CLANG_WARN_BOOL_CONVERSION = YES;
				CLANG_WARN_COMMA = YES;
				CLANG_WARN_CONSTANT_CONVERSION = YES;
				CLANG_WARN_DEPRECATED_OBJC_IMPLEMENTATIONS = YES;
				CLANG_WARN_DIRECT_OBJC_ISA_USAGE = YES_ERROR;
				CLANG_WARN_DOCUMENTATION_COMMENTS = YES;
				CLANG_WARN_EMPTY_BODY = YES;
				CLANG_WARN_ENUM_CONVERSION = YES;
				CLANG_WARN_INFINITE_RECURSION = YES;
				CLANG_WARN_INT_CONVERSION = YES;
				CLANG_WARN_NON_LITERAL_NULL_CONVERSION = YES;
				CLANG_WARN_OBJC_IMPLICIT_RETAIN_SELF = YES;
				CLANG_WARN_OBJC_LITERAL_CONVERSION = YES;
				CLANG_WARN_OBJC_ROOT_CLASS = YES_ERROR;
				CLANG_WARN_RANGE_LOOP_ANALYSIS = YES;
				CLANG_WARN_STRICT_PROTOTYPES = YES;
				CLANG_WARN_SUSPICIOUS_MOVE = YES;
				CLANG_WARN_UNGUARDED_AVAILABILITY = YES_AGGRESSIVE;
				CLANG_WARN_UNREACHABLE_CODE = YES;
				CLANG_WARN__DUPLICATE_METHOD_MATCH = YES;
				CODE_SIGN_IDENTITY = "iPhone Developer";
				COPY_PHASE_STRIP = NO;
				DEBUG_INFORMATION_FORMAT = dwarf;
				ENABLE_STRICT_OBJC_MSGSEND = YES;
				ENABLE_TESTABILITY = YES;
				GCC_C_LANGUAGE_STANDARD = gnu11;
				GCC_DYNAMIC_NO_PIC = NO;
				GCC_NO_COMMON_BLOCKS = YES;
				GCC_OPTIMIZATION_LEVEL = 0;
				GCC_PREPROCESSOR_DEFINITIONS = (
					"DEBUG=1",
					"$(inherited)",
				);
				GCC_WARN_64_TO_32_BIT_CONVERSION = YES;
				GCC_WARN_ABOUT_RETURN_TYPE = YES_ERROR;
				GCC_WARN_UNDECLARED_SELECTOR = YES;
				GCC_WARN_UNINITIALIZED_AUTOS = YES_AGGRESSIVE;
				GCC_WARN_UNUSED_FUNCTION = YES;
				GCC_WARN_UNUSED_VARIABLE = YES;
				IPHONEOS_DEPLOYMENT_TARGET = 12.1;
				MTL_ENABLE_DEBUG_INFO = INCLUDE_SOURCE;
				MTL_FAST_MATH = YES;
				ONLY_ACTIVE_ARCH = YES;
				SDKROOT = iphoneos;
				SWIFT_ACTIVE_COMPILATION_CONDITIONS = DEBUG;
				SWIFT_OPTIMIZATION_LEVEL = "-Onone";
			};
			name = Debug;
		};
		6176A43E21F556CA0006F981 /* Release */ = {
			isa = XCBuildConfiguration;
			buildSettings = {
				ALWAYS_SEARCH_USER_PATHS = NO;
				CLANG_ANALYZER_NONNULL = YES;
				CLANG_ANALYZER_NUMBER_OBJECT_CONVERSION = YES_AGGRESSIVE;
				CLANG_CXX_LANGUAGE_STANDARD = "gnu++14";
				CLANG_CXX_LIBRARY = "libc++";
				CLANG_ENABLE_MODULES = YES;
				CLANG_ENABLE_OBJC_ARC = YES;
				CLANG_ENABLE_OBJC_WEAK = YES;
				CLANG_WARN_BLOCK_CAPTURE_AUTORELEASING = YES;
				CLANG_WARN_BOOL_CONVERSION = YES;
				CLANG_WARN_COMMA = YES;
				CLANG_WARN_CONSTANT_CONVERSION = YES;
				CLANG_WARN_DEPRECATED_OBJC_IMPLEMENTATIONS = YES;
				CLANG_WARN_DIRECT_OBJC_ISA_USAGE = YES_ERROR;
				CLANG_WARN_DOCUMENTATION_COMMENTS = YES;
				CLANG_WARN_EMPTY_BODY = YES;
				CLANG_WARN_ENUM_CONVERSION = YES;
				CLANG_WARN_INFINITE_RECURSION = YES;
				CLANG_WARN_INT_CONVERSION = YES;
				CLANG_WARN_NON_LITERAL_NULL_CONVERSION = YES;
				CLANG_WARN_OBJC_IMPLICIT_RETAIN_SELF = YES;
				CLANG_WARN_OBJC_LITERAL_CONVERSION = YES;
				CLANG_WARN_OBJC_ROOT_CLASS = YES_ERROR;
				CLANG_WARN_RANGE_LOOP_ANALYSIS = YES;
				CLANG_WARN_STRICT_PROTOTYPES = YES;
				CLANG_WARN_SUSPICIOUS_MOVE = YES;
				CLANG_WARN_UNGUARDED_AVAILABILITY = YES_AGGRESSIVE;
				CLANG_WARN_UNREACHABLE_CODE = YES;
				CLANG_WARN__DUPLICATE_METHOD_MATCH = YES;
				CODE_SIGN_IDENTITY = "iPhone Developer";
				COPY_PHASE_STRIP = NO;
				DEBUG_INFORMATION_FORMAT = "dwarf-with-dsym";
				ENABLE_NS_ASSERTIONS = NO;
				ENABLE_STRICT_OBJC_MSGSEND = YES;
				GCC_C_LANGUAGE_STANDARD = gnu11;
				GCC_NO_COMMON_BLOCKS = YES;
				GCC_WARN_64_TO_32_BIT_CONVERSION = YES;
				GCC_WARN_ABOUT_RETURN_TYPE = YES_ERROR;
				GCC_WARN_UNDECLARED_SELECTOR = YES;
				GCC_WARN_UNINITIALIZED_AUTOS = YES_AGGRESSIVE;
				GCC_WARN_UNUSED_FUNCTION = YES;
				GCC_WARN_UNUSED_VARIABLE = YES;
				IPHONEOS_DEPLOYMENT_TARGET = 12.1;
				MTL_ENABLE_DEBUG_INFO = NO;
				MTL_FAST_MATH = YES;
				SDKROOT = iphoneos;
				SWIFT_COMPILATION_MODE = wholemodule;
				SWIFT_OPTIMIZATION_LEVEL = "-O";
				VALIDATE_PRODUCT = YES;
			};
			name = Release;
		};
		6176A44021F556CA0006F981 /* Debug */ = {
			isa = XCBuildConfiguration;
			buildSettings = {
				ASSETCATALOG_COMPILER_APPICON_NAME = AppIcon;
				CODE_SIGN_STYLE = Automatic;
				DEVELOPMENT_TEAM = L737B5SSP9;
				INFOPLIST_FILE = Foods/Info.plist;
				LD_RUNPATH_SEARCH_PATHS = (
					"$(inherited)",
					"@executable_path/Frameworks",
				);
				PRODUCT_BUNDLE_IDENTIFIER = com.czbin.Foods;
				PRODUCT_NAME = "$(TARGET_NAME)";
				SWIFT_VERSION = 4.0;
				TARGETED_DEVICE_FAMILY = "1,2";
			};
			name = Debug;
		};
		6176A44121F556CA0006F981 /* Release */ = {
			isa = XCBuildConfiguration;
			buildSettings = {
				ASSETCATALOG_COMPILER_APPICON_NAME = AppIcon;
				CODE_SIGN_STYLE = Automatic;
				DEVELOPMENT_TEAM = L737B5SSP9;
				INFOPLIST_FILE = Foods/Info.plist;
				LD_RUNPATH_SEARCH_PATHS = (
					"$(inherited)",
					"@executable_path/Frameworks",
				);
				PRODUCT_BUNDLE_IDENTIFIER = com.czbin.Foods;
				PRODUCT_NAME = "$(TARGET_NAME)";
				SWIFT_VERSION = 4.0;
				TARGETED_DEVICE_FAMILY = "1,2";
			};
			name = Release;
		};
/* End XCBuildConfiguration section */

/* Begin XCConfigurationList section */
		6176A42521F556C40006F981 /* Build configuration list for PBXProject "Foods" */ = {
			isa = XCConfigurationList;
			buildConfigurations = (
				6176A43D21F556CA0006F981 /* Debug */,
				6176A43E21F556CA0006F981 /* Release */,
			);
			defaultConfigurationIsVisible = 0;
			defaultConfigurationName = Release;
		};
		6176A43F21F556CA0006F981 /* Build configuration list for PBXNativeTarget "Foods" */ = {
			isa = XCConfigurationList;
			buildConfigurations = (
				6176A44021F556CA0006F981 /* Debug */,
				6176A44121F556CA0006F981 /* Release */,
			);
			defaultConfigurationIsVisible = 0;
			defaultConfigurationName = Release;
		};
/* End XCConfigurationList section */

/* Begin XCVersionGroup section */
		6176A43421F556C40006F981 /* Foods.xcdatamodeld */ = {
			isa = XCVersionGroup;
			children = (
				6176A43521F556C40006F981 /* Foods.xcdatamodel */,
			);
			currentVersion = 6176A43521F556C40006F981 /* Foods.xcdatamodel */;
			path = Foods.xcdatamodeld;
			sourceTree = "<group>";
			versionGroupType = wrapper.xcdatamodel;
		};
/* End XCVersionGroup section */
	};
	rootObject = 6176A42221F556C40006F981 /* Project object */;
}
